
Microsoft Visual Studio Solution File, Format Version 12.00
# Visual Studio 2012
Project("{FAE04EC0-301F-11D3-BF4B-00C04F79EFBC}") = "VETRISScheduler", "VETRISScheduler.csproj", "{E9CBFDF4-E614-4203-B725-4E5FC687BDF1}"
EndProject
Project("{FAE04EC0-301F-11D3-BF4B-00C04F79EFBC}") = "VETRISScheduler.Core", "..\VETRISScheduler.Core\VETRISScheduler.Core.csproj", "{47AF3056-A790-4590-AF86-076EB4065643}"
EndProject
Project("{FAE04EC0-301F-11D3-BF4B-00C04F79EFBC}") = "VETRISNewDataSynchService", "..\VETRISNewDataSynchService\VETRISNewDataSynchService.csproj", "{A795E732-D4CF-4C41-971A-B7BEE9BFCE6D}"
EndProject
Project("{FAE04EC0-301F-11D3-BF4B-00C04F79EFBC}") = "VETRISScheduler.DAL", "..\VETRISScheduler.DAL\VETRISScheduler.DAL.csproj", "{1B744F90-694A-4905-ADF0-47F1A2825338}"
EndProject
Project("{FAE04EC0-301F-11D3-BF4B-00C04F79EFBC}") = "VETRISDataWriteBackService", "..\VETRISDataWriteBackService\VETRISDataWriteBackService.csproj", "{EC759C3D-D1B8-439D-8E69-03C8C75A950F}"
EndProject
Project("{FAE04EC0-301F-11D3-BF4B-00C04F79EFBC}") = "VETRISStatusUpdateService", "..\VETRISStatusUpdateService\VETRISStatusUpdateService.csproj", "{6B5ED036-C5CD-48EC-80F1-BE5F95DB99A1}"
EndProject
Project("{FAE04EC0-301F-11D3-BF4B-00C04F79EFBC}") = "VETRISNotificationService", "..\VETRISNotificationService\VETRISNotificationService.csproj", "{24DA6C31-0DFE-4477-861F-01EF7914859E}"
EndProject
Project("{FAE04EC0-301F-11D3-BF4B-00C04F79EFBC}") = "VETRISDayEndService", "..\VETRISDayEndService\VETRISDayEndService.csproj", "{A4FB2D8A-4118-492F-9102-A0052E4C3BDA}"
EndProject
Project("{FAE04EC0-301F-11D3-BF4B-00C04F79EFBC}") = "VETRISMissingDataSynchService", "..\VETRISMissingDataSynchService\VETRISMissingDataSynchService.csproj", "{9AEDA6D9-B697-42B1-80A2-53DB2EC59BFD}"
EndProject
Project("{FAE04EC0-301F-11D3-BF4B-00C04F79EFBC}") = "VETRISFTPPACSSynchService", "..\VETRISFTPPACSSynchService\VETRISFTPPACSSynchService.csproj", "{0CC8E18F-D4F4-46EE-8F71-722DFFF48084}"
EndProject
Project("{FAE04EC0-301F-11D3-BF4B-00C04F79EFBC}") = "VETRISCaseAssignment", "..\VETRISCaseAssignment\VETRISCaseAssignment.csproj", "{E7D4461E-5400-4507-BC28-487843455B2C}"
EndProject
Project("{FAE04EC0-301F-11D3-BF4B-00C04F79EFBC}") = "VETRISFileDistributionService", "..\VETRISFileDistributionService\VETRISFileDistributionService.csproj", "{3DD195A5-0C5A-4528-8F32-D3174BDC3599}"
EndProject
Project("{FAE04EC0-301F-11D3-BF4B-00C04F79EFBC}") = "VETRISListenerFileProcessService", "..\VETRISListenerFileProcess\VETRISListenerFileProcessService.csproj", "{F2F88F97-0FF5-48DD-8D06-185E5AABE428}"
EndProject
Global
	GlobalSection(TeamFoundationVersionControl) = preSolution
		SccNumberOfProjects = 14
		SccEnterpriseProvider = {4CA58AB2-18FA-4F8D-95D4-32DDF27D184C}
		SccTeamFoundationServer = http://203.163.231.92:8080/tfs/defaultcollection
		SccLocalPath0 = .
		SccProjectUniqueName1 = ..\\VETRISScheduler.DAL\\VETRISScheduler.DAL.csproj
		SccProjectName1 = ../VETRISScheduler.DAL
		SccLocalPath1 = ..\\VETRISScheduler.DAL
		SccProjectUniqueName2 = ..\\VETRISScheduler.Core\\VETRISScheduler.Core.csproj
		SccProjectName2 = ../VETRISScheduler.Core
		SccLocalPath2 = ..\\VETRISScheduler.Core
		SccProjectUniqueName3 = ..\\VETRISFileDistributionService\\VETRISFileDistributionService.csproj
		SccProjectName3 = ../VETRISFileDistributionService
		SccLocalPath3 = ..\\VETRISFileDistributionService
		SccProjectUniqueName4 = ..\\VETRISFTPPACSSynchService\\VETRISFTPPACSSynchService.csproj
		SccProjectName4 = ../VETRISFTPPACSSynchService
		SccLocalPath4 = ..\\VETRISFTPPACSSynchService
		SccProjectUniqueName5 = VETRISScheduler.csproj
		SccLocalPath5 = .
		SccProjectUniqueName6 = ..\\VETRISNewDataSynchService\\VETRISNewDataSynchService.csproj
		SccProjectName6 = ../VETRISNewDataSynchService
		SccLocalPath6 = ..\\VETRISNewDataSynchService
		SccProjectUniqueName7 = ..\\VETRISDataWriteBackService\\VETRISDataWriteBackService.csproj
		SccProjectName7 = ../VETRISDataWriteBackService
		SccLocalPath7 = ..\\VETRISDataWriteBackService
		SccProjectUniqueName8 = ..\\VETRISStatusUpdateService\\VETRISStatusUpdateService.csproj
		SccProjectName8 = ../VETRISStatusUpdateService
		SccLocalPath8 = ..\\VETRISStatusUpdateService
		SccProjectUniqueName9 = ..\\VETRISNotificationService\\VETRISNotificationService.csproj
		SccProjectName9 = ../VETRISNotificationService
		SccLocalPath9 = ..\\VETRISNotificationService
		SccProjectUniqueName10 = ..\\VETRISDayEndService\\VETRISDayEndService.csproj
		SccProjectName10 = ../VETRISDayEndService
		SccLocalPath10 = ..\\VETRISDayEndService
		SccProjectUniqueName11 = ..\\VETRISMissingDataSynchService\\VETRISMissingDataSynchService.csproj
		SccProjectName11 = ../VETRISMissingDataSynchService
		SccLocalPath11 = ..\\VETRISMissingDataSynchService
		SccProjectUniqueName12 = ..\\VETRISCaseAssignment\\VETRISCaseAssignment.csproj
		SccProjectName12 = ../VETRISCaseAssignment
		SccLocalPath12 = ..\\VETRISCaseAssignment
		SccProjectUniqueName13 = ..\\VETRISListenerFileProcess\\VETRISListenerFileProcessService.csproj
		SccProjectName13 = ../VETRISListenerFileProcess
		SccLocalPath13 = ..\\VETRISListenerFileProcess
	EndGlobalSection
	GlobalSection(SolutionConfigurationPlatforms) = preSolution
		Debug|Any CPU = Debug|Any CPU
		Debug|Mixed Platforms = Debug|Mixed Platforms
		Debug|x64 = Debug|x64
		Debug|x86 = Debug|x86
		Release|Any CPU = Release|Any CPU
		Release|Mixed Platforms = Release|Mixed Platforms
		Release|x64 = Release|x64
		Release|x86 = Release|x86
	EndGlobalSection
	GlobalSection(ProjectConfigurationPlatforms) = postSolution
		{E9CBFDF4-E614-4203-B725-4E5FC687BDF1}.Debug|Any CPU.ActiveCfg = Debug|x86
		{E9CBFDF4-E614-4203-B725-4E5FC687BDF1}.Debug|Mixed Platforms.ActiveCfg = Debug|x64
		{E9CBFDF4-E614-4203-B725-4E5FC687BDF1}.Debug|Mixed Platforms.Build.0 = Debug|x64
		{E9CBFDF4-E614-4203-B725-4E5FC687BDF1}.Debug|x64.ActiveCfg = Debug|x64
		{E9CBFDF4-E614-4203-B725-4E5FC687BDF1}.Debug|x64.Build.0 = Debug|x64
		{E9CBFDF4-E614-4203-B725-4E5FC687BDF1}.Debug|x86.ActiveCfg = Debug|x86
		{E9CBFDF4-E614-4203-B725-4E5FC687BDF1}.Debug|x86.Build.0 = Debug|x86
		{E9CBFDF4-E614-4203-B725-4E5FC687BDF1}.Release|Any CPU.ActiveCfg = Release|x86
		{E9CBFDF4-E614-4203-B725-4E5FC687BDF1}.Release|Mixed Platforms.ActiveCfg = Release|x86
		{E9CBFDF4-E614-4203-B725-4E5FC687BDF1}.Release|Mixed Platforms.Build.0 = Release|x86
		{E9CBFDF4-E614-4203-B725-4E5FC687BDF1}.Release|x64.ActiveCfg = Release|x64
		{E9CBFDF4-E614-4203-B725-4E5FC687BDF1}.Release|x86.ActiveCfg = Release|x86
		{E9CBFDF4-E614-4203-B725-4E5FC687BDF1}.Release|x86.Build.0 = Release|x86
		{47AF3056-A790-4590-AF86-076EB4065643}.Debug|Any CPU.ActiveCfg = Debug|Any CPU
		{47AF3056-A790-4590-AF86-076EB4065643}.Debug|Any CPU.Build.0 = Debug|Any CPU
		{47AF3056-A790-4590-AF86-076EB4065643}.Debug|Mixed Platforms.ActiveCfg = Debug|x64
		{47AF3056-A790-4590-AF86-076EB4065643}.Debug|Mixed Platforms.Build.0 = Debug|x64
		{47AF3056-A790-4590-AF86-076EB4065643}.Debug|x64.ActiveCfg = Debug|x64
		{47AF3056-A790-4590-AF86-076EB4065643}.Debug|x64.Build.0 = Debug|x64
		{47AF3056-A790-4590-AF86-076EB4065643}.Debug|x86.ActiveCfg = Debug|Any CPU
		{47AF3056-A790-4590-AF86-076EB4065643}.Release|Any CPU.ActiveCfg = Release|Any CPU
		{47AF3056-A790-4590-AF86-076EB4065643}.Release|Any CPU.Build.0 = Release|Any CPU
		{47AF3056-A790-4590-AF86-076EB4065643}.Release|Mixed Platforms.ActiveCfg = Release|Any CPU
		{47AF3056-A790-4590-AF86-076EB4065643}.Release|Mixed Platforms.Build.0 = Release|Any CPU
		{47AF3056-A790-4590-AF86-076EB4065643}.Release|x64.ActiveCfg = Release|x64
		{47AF3056-A790-4590-AF86-076EB4065643}.Release|x64.Build.0 = Release|x64
		{47AF3056-A790-4590-AF86-076EB4065643}.Release|x86.ActiveCfg = Release|Any CPU
		{A795E732-D4CF-4C41-971A-B7BEE9BFCE6D}.Debug|Any CPU.ActiveCfg = Debug|x86
		{A795E732-D4CF-4C41-971A-B7BEE9BFCE6D}.Debug|Mixed Platforms.ActiveCfg = Debug|x64
		{A795E732-D4CF-4C41-971A-B7BEE9BFCE6D}.Debug|Mixed Platforms.Build.0 = Debug|x64
		{A795E732-D4CF-4C41-971A-B7BEE9BFCE6D}.Debug|x64.ActiveCfg = Debug|x64
		{A795E732-D4CF-4C41-971A-B7BEE9BFCE6D}.Debug|x64.Build.0 = Debug|x64
		{A795E732-D4CF-4C41-971A-B7BEE9BFCE6D}.Debug|x86.ActiveCfg = Debug|x86
		{A795E732-D4CF-4C41-971A-B7BEE9BFCE6D}.Debug|x86.Build.0 = Debug|x86
		{A795E732-D4CF-4C41-971A-B7BEE9BFCE6D}.Release|Any CPU.ActiveCfg = Release|x86
		{A795E732-D4CF-4C41-971A-B7BEE9BFCE6D}.Release|Mixed Platforms.ActiveCfg = Release|x86
		{A795E732-D4CF-4C41-971A-B7BEE9BFCE6D}.Release|Mixed Platforms.Build.0 = Release|x86
		{A795E732-D4CF-4C41-971A-B7BEE9BFCE6D}.Release|x64.ActiveCfg = Release|x64
		{A795E732-D4CF-4C41-971A-B7BEE9BFCE6D}.Release|x86.ActiveCfg = Release|x86
		{A795E732-D4CF-4C41-971A-B7BEE9BFCE6D}.Release|x86.Build.0 = Release|x86
		{1B744F90-694A-4905-ADF0-47F1A2825338}.Debug|Any CPU.ActiveCfg = Debug|Any CPU
		{1B744F90-694A-4905-ADF0-47F1A2825338}.Debug|Any CPU.Build.0 = Debug|Any CPU
		{1B744F90-694A-4905-ADF0-47F1A2825338}.Debug|Mixed Platforms.ActiveCfg = Debug|x64
		{1B744F90-694A-4905-ADF0-47F1A2825338}.Debug|Mixed Platforms.Build.0 = Debug|x64
		{1B744F90-694A-4905-ADF0-47F1A2825338}.Debug|x64.ActiveCfg = Debug|x64
		{1B744F90-694A-4905-ADF0-47F1A2825338}.Debug|x64.Build.0 = Debug|x64
		{1B744F90-694A-4905-ADF0-47F1A2825338}.Debug|x86.ActiveCfg = Debug|Any CPU
		{1B744F90-694A-4905-ADF0-47F1A2825338}.Release|Any CPU.ActiveCfg = Release|Any CPU
		{1B744F90-694A-4905-ADF0-47F1A2825338}.Release|Any CPU.Build.0 = Release|Any CPU
		{1B744F90-694A-4905-ADF0-47F1A2825338}.Release|Mixed Platforms.ActiveCfg = Release|Any CPU
		{1B744F90-694A-4905-ADF0-47F1A2825338}.Release|Mixed Platforms.Build.0 = Release|Any CPU
		{1B744F90-694A-4905-ADF0-47F1A2825338}.Release|x64.ActiveCfg = Release|x64
		{1B744F90-694A-4905-ADF0-47F1A2825338}.Release|x64.Build.0 = Release|x64
		{1B744F90-694A-4905-ADF0-47F1A2825338}.Release|x86.ActiveCfg = Release|Any CPU
		{EC759C3D-D1B8-439D-8E69-03C8C75A950F}.Debug|Any CPU.ActiveCfg = Debug|x86
		{EC759C3D-D1B8-439D-8E69-03C8C75A950F}.Debug|Mixed Platforms.ActiveCfg = Debug|x64
		{EC759C3D-D1B8-439D-8E69-03C8C75A950F}.Debug|Mixed Platforms.Build.0 = Debug|x64
		{EC759C3D-D1B8-439D-8E69-03C8C75A950F}.Debug|x64.ActiveCfg = Debug|x64
		{EC759C3D-D1B8-439D-8E69-03C8C75A950F}.Debug|x64.Build.0 = Debug|x64
		{EC759C3D-D1B8-439D-8E69-03C8C75A950F}.Debug|x86.ActiveCfg = Debug|x86
		{EC759C3D-D1B8-439D-8E69-03C8C75A950F}.Debug|x86.Build.0 = Debug|x86
		{EC759C3D-D1B8-439D-8E69-03C8C75A950F}.Release|Any CPU.ActiveCfg = Release|x86
		{EC759C3D-D1B8-439D-8E69-03C8C75A950F}.Release|Mixed Platforms.ActiveCfg = Release|x86
		{EC759C3D-D1B8-439D-8E69-03C8C75A950F}.Release|Mixed Platforms.Build.0 = Release|x86
		{EC759C3D-D1B8-439D-8E69-03C8C75A950F}.Release|x64.ActiveCfg = Release|x64
		{EC759C3D-D1B8-439D-8E69-03C8C75A950F}.Release|x86.ActiveCfg = Release|x86
		{EC759C3D-D1B8-439D-8E69-03C8C75A950F}.Release|x86.Build.0 = Release|x86
		{6B5ED036-C5CD-48EC-80F1-BE5F95DB99A1}.Debug|Any CPU.ActiveCfg = Debug|x86
		{6B5ED036-C5CD-48EC-80F1-BE5F95DB99A1}.Debug|Mixed Platforms.ActiveCfg = Debug|x64
		{6B5ED036-C5CD-48EC-80F1-BE5F95DB99A1}.Debug|Mixed Platforms.Build.0 = Debug|x64
		{6B5ED036-C5CD-48EC-80F1-BE5F95DB99A1}.Debug|x64.ActiveCfg = Debug|x64
		{6B5ED036-C5CD-48EC-80F1-BE5F95DB99A1}.Debug|x64.Build.0 = Debug|x64
		{6B5ED036-C5CD-48EC-80F1-BE5F95DB99A1}.Debug|x86.ActiveCfg = Debug|x86
		{6B5ED036-C5CD-48EC-80F1-BE5F95DB99A1}.Debug|x86.Build.0 = Debug|x86
		{6B5ED036-C5CD-48EC-80F1-BE5F95DB99A1}.Release|Any CPU.ActiveCfg = Release|x86
		{6B5ED036-C5CD-48EC-80F1-BE5F95DB99A1}.Release|Mixed Platforms.ActiveCfg = Release|x86
		{6B5ED036-C5CD-48EC-80F1-BE5F95DB99A1}.Release|Mixed Platforms.Build.0 = Release|x86
		{6B5ED036-C5CD-48EC-80F1-BE5F95DB99A1}.Release|x64.ActiveCfg = Release|x64
		{6B5ED036-C5CD-48EC-80F1-BE5F95DB99A1}.Release|x86.ActiveCfg = Release|x86
		{6B5ED036-C5CD-48EC-80F1-BE5F95DB99A1}.Release|x86.Build.0 = Release|x86
		{24DA6C31-0DFE-4477-861F-01EF7914859E}.Debug|Any CPU.ActiveCfg = Debug|x86
		{24DA6C31-0DFE-4477-861F-01EF7914859E}.Debug|Mixed Platforms.ActiveCfg = Debug|x64
		{24DA6C31-0DFE-4477-861F-01EF7914859E}.Debug|Mixed Platforms.Build.0 = Debug|x64
		{24DA6C31-0DFE-4477-861F-01EF7914859E}.Debug|x64.ActiveCfg = Debug|x64
		{24DA6C31-0DFE-4477-861F-01EF7914859E}.Debug|x64.Build.0 = Debug|x64
		{24DA6C31-0DFE-4477-861F-01EF7914859E}.Debug|x86.ActiveCfg = Debug|x86
		{24DA6C31-0DFE-4477-861F-01EF7914859E}.Debug|x86.Build.0 = Debug|x86
		{24DA6C31-0DFE-4477-861F-01EF7914859E}.Release|Any CPU.ActiveCfg = Release|x86
		{24DA6C31-0DFE-4477-861F-01EF7914859E}.Release|Mixed Platforms.ActiveCfg = Release|x86
		{24DA6C31-0DFE-4477-861F-01EF7914859E}.Release|Mixed Platforms.Build.0 = Release|x86
		{24DA6C31-0DFE-4477-861F-01EF7914859E}.Release|x64.ActiveCfg = Release|x64
		{24DA6C31-0DFE-4477-861F-01EF7914859E}.Release|x86.ActiveCfg = Release|x86
		{24DA6C31-0DFE-4477-861F-01EF7914859E}.Release|x86.Build.0 = Release|x86
		{A4FB2D8A-4118-492F-9102-A0052E4C3BDA}.Debug|Any CPU.ActiveCfg = Debug|x86
		{A4FB2D8A-4118-492F-9102-A0052E4C3BDA}.Debug|Mixed Platforms.ActiveCfg = Debug|x64
		{A4FB2D8A-4118-492F-9102-A0052E4C3BDA}.Debug|Mixed Platforms.Build.0 = Debug|x64
		{A4FB2D8A-4118-492F-9102-A0052E4C3BDA}.Debug|x64.ActiveCfg = Debug|x64
		{A4FB2D8A-4118-492F-9102-A0052E4C3BDA}.Debug|x64.Build.0 = Debug|x64
		{A4FB2D8A-4118-492F-9102-A0052E4C3BDA}.Debug|x86.ActiveCfg = Debug|x86
		{A4FB2D8A-4118-492F-9102-A0052E4C3BDA}.Debug|x86.Build.0 = Debug|x86
		{A4FB2D8A-4118-492F-9102-A0052E4C3BDA}.Release|Any CPU.ActiveCfg = Release|x86
		{A4FB2D8A-4118-492F-9102-A0052E4C3BDA}.Release|Mixed Platforms.ActiveCfg = Release|x86
		{A4FB2D8A-4118-492F-9102-A0052E4C3BDA}.Release|Mixed Platforms.Build.0 = Release|x86
		{A4FB2D8A-4118-492F-9102-A0052E4C3BDA}.Release|x64.ActiveCfg = Release|x64
		{A4FB2D8A-4118-492F-9102-A0052E4C3BDA}.Release|x86.ActiveCfg = Release|x86
		{A4FB2D8A-4118-492F-9102-A0052E4C3BDA}.Release|x86.Build.0 = Release|x86
		{9AEDA6D9-B697-42B1-80A2-53DB2EC59BFD}.Debug|Any CPU.ActiveCfg = Debug|x86
		{9AEDA6D9-B697-42B1-80A2-53DB2EC59BFD}.Debug|Mixed Platforms.ActiveCfg = Debug|x64
		{9AEDA6D9-B697-42B1-80A2-53DB2EC59BFD}.Debug|Mixed Platforms.Build.0 = Debug|x64
		{9AEDA6D9-B697-42B1-80A2-53DB2EC59BFD}.Debug|x64.ActiveCfg = Debug|x64
		{9AEDA6D9-B697-42B1-80A2-53DB2EC59BFD}.Debug|x64.Build.0 = Debug|x64
		{9AEDA6D9-B697-42B1-80A2-53DB2EC59BFD}.Debug|x86.ActiveCfg = Debug|x86
		{9AEDA6D9-B697-42B1-80A2-53DB2EC59BFD}.Debug|x86.Build.0 = Debug|x86
		{9AEDA6D9-B697-42B1-80A2-53DB2EC59BFD}.Release|Any CPU.ActiveCfg = Release|x86
		{9AEDA6D9-B697-42B1-80A2-53DB2EC59BFD}.Release|Mixed Platforms.ActiveCfg = Release|x86
		{9AEDA6D9-B697-42B1-80A2-53DB2EC59BFD}.Release|Mixed Platforms.Build.0 = Release|x86
		{9AEDA6D9-B697-42B1-80A2-53DB2EC59BFD}.Release|x64.ActiveCfg = Release|x64
		{9AEDA6D9-B697-42B1-80A2-53DB2EC59BFD}.Release|x86.ActiveCfg = Release|x86
		{9AEDA6D9-B697-42B1-80A2-53DB2EC59BFD}.Release|x86.Build.0 = Release|x86
		{0CC8E18F-D4F4-46EE-8F71-722DFFF48084}.Debug|Any CPU.ActiveCfg = Debug|Any CPU
		{0CC8E18F-D4F4-46EE-8F71-722DFFF48084}.Debug|Any CPU.Build.0 = Debug|Any CPU
		{0CC8E18F-D4F4-46EE-8F71-722DFFF48084}.Debug|Mixed Platforms.ActiveCfg = Debug|x64
		{0CC8E18F-D4F4-46EE-8F71-722DFFF48084}.Debug|Mixed Platforms.Build.0 = Debug|x64
		{0CC8E18F-D4F4-46EE-8F71-722DFFF48084}.Debug|x64.ActiveCfg = Debug|x64
		{0CC8E18F-D4F4-46EE-8F71-722DFFF48084}.Debug|x64.Build.0 = Debug|x64
		{0CC8E18F-D4F4-46EE-8F71-722DFFF48084}.Debug|x86.ActiveCfg = Debug|Any CPU
		{0CC8E18F-D4F4-46EE-8F71-722DFFF48084}.Release|Any CPU.ActiveCfg = Release|Any CPU
		{0CC8E18F-D4F4-46EE-8F71-722DFFF48084}.Release|Any CPU.Build.0 = Release|Any CPU
		{0CC8E18F-D4F4-46EE-8F71-722DFFF48084}.Release|Mixed Platforms.ActiveCfg = Release|Any CPU
		{0CC8E18F-D4F4-46EE-8F71-722DFFF48084}.Release|Mixed Platforms.Build.0 = Release|Any CPU
		{0CC8E18F-D4F4-46EE-8F71-722DFFF48084}.Release|x64.ActiveCfg = Release|x64
		{0CC8E18F-D4F4-46EE-8F71-722DFFF48084}.Release|x64.Build.0 = Release|x64
		{0CC8E18F-D4F4-46EE-8F71-722DFFF48084}.Release|x86.ActiveCfg = Release|Any CPU
		{E7D4461E-5400-4507-BC28-487843455B2C}.Debug|Any CPU.ActiveCfg = Debug|Any CPU
		{E7D4461E-5400-4507-BC28-487843455B2C}.Debug|Any CPU.Build.0 = Debug|Any CPU
		{E7D4461E-5400-4507-BC28-487843455B2C}.Debug|Mixed Platforms.ActiveCfg = Debug|Any CPU
		{E7D4461E-5400-4507-BC28-487843455B2C}.Debug|Mixed Platforms.Build.0 = Debug|Any CPU
		{E7D4461E-5400-4507-BC28-487843455B2C}.Debug|x64.ActiveCfg = Debug|Any CPU
		{E7D4461E-5400-4507-BC28-487843455B2C}.Debug|x86.ActiveCfg = Debug|Any CPU
		{E7D4461E-5400-4507-BC28-487843455B2C}.Release|Any CPU.ActiveCfg = Release|Any CPU
		{E7D4461E-5400-4507-BC28-487843455B2C}.Release|Any CPU.Build.0 = Release|Any CPU
		{E7D4461E-5400-4507-BC28-487843455B2C}.Release|Mixed Platforms.ActiveCfg = Release|Any CPU
		{E7D4461E-5400-4507-BC28-487843455B2C}.Release|Mixed Platforms.Build.0 = Release|Any CPU
		{E7D4461E-5400-4507-BC28-487843455B2C}.Release|x64.ActiveCfg = Release|Any CPU
		{E7D4461E-5400-4507-BC28-487843455B2C}.Release|x86.ActiveCfg = Release|Any CPU
		{3DD195A5-0C5A-4528-8F32-D3174BDC3599}.Debug|Any CPU.ActiveCfg = Debug|Any CPU
		{3DD195A5-0C5A-4528-8F32-D3174BDC3599}.Debug|Any CPU.Build.0 = Debug|Any CPU
		{3DD195A5-0C5A-4528-8F32-D3174BDC3599}.Debug|Mixed Platforms.ActiveCfg = Debug|Any CPU
		{3DD195A5-0C5A-4528-8F32-D3174BDC3599}.Debug|Mixed Platforms.Build.0 = Debug|Any CPU
		{3DD195A5-0C5A-4528-8F32-D3174BDC3599}.Debug|x64.ActiveCfg = Debug|Any CPU
		{3DD195A5-0C5A-4528-8F32-D3174BDC3599}.Debug|x86.ActiveCfg = Debug|Any CPU
		{3DD195A5-0C5A-4528-8F32-D3174BDC3599}.Release|Any CPU.ActiveCfg = Release|Any CPU
		{3DD195A5-0C5A-4528-8F32-D3174BDC3599}.Release|Any CPU.Build.0 = Release|Any CPU
		{3DD195A5-0C5A-4528-8F32-D3174BDC3599}.Release|Mixed Platforms.ActiveCfg = Release|Any CPU
		{3DD195A5-0C5A-4528-8F32-D3174BDC3599}.Release|Mixed Platforms.Build.0 = Release|Any CPU
		{3DD195A5-0C5A-4528-8F32-D3174BDC3599}.Release|x64.ActiveCfg = Release|Any CPU
		{3DD195A5-0C5A-4528-8F32-D3174BDC3599}.Release|x86.ActiveCfg = Release|Any CPU
		{F2F88F97-0FF5-48DD-8D06-185E5AABE428}.Debug|Any CPU.ActiveCfg = Debug|Any CPU
		{F2F88F97-0FF5-48DD-8D06-185E5AABE428}.Debug|Any CPU.Build.0 = Debug|Any CPU
		{F2F88F97-0FF5-48DD-8D06-185E5AABE428}.Debug|Mixed Platforms.ActiveCfg = Debug|Any CPU
		{F2F88F97-0FF5-48DD-8D06-185E5AABE428}.Debug|Mixed Platforms.Build.0 = Debug|Any CPU
		{F2F88F97-0FF5-48DD-8D06-185E5AABE428}.Debug|x64.ActiveCfg = Debug|Any CPU
		{F2F88F97-0FF5-48DD-8D06-185E5AABE428}.Debug|x86.ActiveCfg = Debug|Any CPU
		{F2F88F97-0FF5-48DD-8D06-185E5AABE428}.Release|Any CPU.ActiveCfg = Release|Any CPU
		{F2F88F97-0FF5-48DD-8D06-185E5AABE428}.Release|Any CPU.Build.0 = Release|Any CPU
		{F2F88F97-0FF5-48DD-8D06-185E5AABE428}.Release|Mixed Platforms.ActiveCfg = Release|Any CPU
		{F2F88F97-0FF5-48DD-8D06-185E5AABE428}.Release|Mixed Platforms.Build.0 = Release|Any CPU
		{F2F88F97-0FF5-48DD-8D06-185E5AABE428}.Release|x64.ActiveCfg = Release|Any CPU
		{F2F88F97-0FF5-48DD-8D06-185E5AABE428}.Release|x86.ActiveCfg = Release|Any CPU
	EndGlobalSection
	GlobalSection(SolutionProperties) = preSolution
		HideSolutionNode = FALSE
	EndGlobalSection
	GlobalSection(TeamFoundationVersionControl) = preSolution
		SccNumberOfProjects = 12
		SccEnterpriseProvider = {4CA58AB2-18FA-4F8D-95D4-32DDF27D184C}
		SccTeamFoundationServer = http://203.163.231.92:8080/tfs/defaultcollection
		SccLocalPath0 = .
		SccProjectUniqueName1 = VETRISScheduler.csproj
		SccLocalPath1 = .
		SccProjectUniqueName2 = ..\\VETRISScheduler.Core\\VETRISScheduler.Core.csproj
		SccProjectName2 = ../VETRISScheduler.Core
		SccLocalPath2 = ..\\VETRISScheduler.Core
		SccProjectUniqueName3 = ..\\VETRISNewDataSynchService\\VETRISNewDataSynchService.csproj
		SccProjectName3 = ../VETRISNewDataSynchService
		SccLocalPath3 = ..\\VETRISNewDataSynchService
		SccProjectUniqueName4 = ..\\VETRISScheduler.DAL\\VETRISScheduler.DAL.csproj
		SccProjectName4 = ../VETRISScheduler.DAL
		SccLocalPath4 = ..\\VETRISScheduler.DAL
		SccProjectUniqueName5 = ..\\VETRISDataWriteBackService\\VETRISDataWriteBackService.csproj
		SccProjectName5 = ../VETRISDataWriteBackService
		SccLocalPath5 = ..\\VETRISDataWriteBackService
		SccProjectUniqueName6 = ..\\VETRISStatusUpdateService\\VETRISStatusUpdateService.csproj
		SccProjectName6 = ../VETRISStatusUpdateService
		SccLocalPath6 = ..\\VETRISStatusUpdateService
		SccProjectUniqueName7 = ..\\VETRISNotificationService\\VETRISNotificationService.csproj
		SccProjectName7 = ../VETRISNotificationService
		SccLocalPath7 = ..\\VETRISNotificationService
		SccProjectUniqueName8 = ..\\VETRISDayEndService\\VETRISDayEndService.csproj
		SccProjectName8 = ../VETRISDayEndService
		SccLocalPath8 = ..\\VETRISDayEndService
		SccProjectUniqueName9 = ..\\VETRISMissingDataSynchService\\VETRISMissingDataSynchService.csproj
		SccProjectName9 = ../VETRISMissingDataSynchService
		SccLocalPath9 = ..\\VETRISMissingDataSynchService
		SccProjectUniqueName10 = ..\\VETRISFTPPACSSynchService\\VETRISFTPPACSSynchService.csproj
		SccProjectName10 = ../VETRISFTPPACSSynchService
		SccLocalPath10 = ..\\VETRISFTPPACSSynchService
	EndGlobalSection
EndGlobal
