
Microsoft Visual Studio Solution File, Format Version 12.00
# Visual Studio 2012
Project("{FAE04EC0-301F-11D3-BF4B-00C04F79EFBC}") = "VETRIS DICOM ROUTER FILE UPLOAD", "VETRIS DICOM ROUTER FILE UPLOAD.csproj", "{0B3204A7-2F5F-4339-992F-0A73B625DFFB}"
EndProject
Global
	GlobalSection(TeamFoundationVersionControl) = preSolution
		SccNumberOfProjects = 2
		SccEnterpriseProvider = {4CA58AB2-18FA-4F8D-95D4-32DDF27D184C}
		SccTeamFoundationServer = http://203.163.231.92:8080/tfs/defaultcollection
		SccLocalPath0 = .
		SccProjectUniqueName1 = VETRIS\u0020DICOM\u0020ROUTER\u0020FILE\u0020UPLOAD.csproj
		SccLocalPath1 = .
	EndGlobalSection
	GlobalSection(SolutionConfigurationPlatforms) = preSolution
		Debug|Any CPU = Debug|Any CPU
		Release|Any CPU = Release|Any CPU
	EndGlobalSection
	GlobalSection(ProjectConfigurationPlatforms) = postSolution
		{0B3204A7-2F5F-4339-992F-0A73B625DFFB}.Debug|Any CPU.ActiveCfg = Debug|Any CPU
		{0B3204A7-2F5F-4339-992F-0A73B625DFFB}.Debug|Any CPU.Build.0 = Debug|Any CPU
		{0B3204A7-2F5F-4339-992F-0A73B625DFFB}.Release|Any CPU.ActiveCfg = Release|Any CPU
		{0B3204A7-2F5F-4339-992F-0A73B625DFFB}.Release|Any CPU.Build.0 = Release|Any CPU
	EndGlobalSection
	GlobalSection(SolutionProperties) = preSolution
		HideSolutionNode = FALSE
	EndGlobalSection
EndGlobal
